// !$*UTF8*$!
{
	archiveVersion = 1;
	classes = {
	};
	objectVersion = 46;
	objects = {

/* Begin PBXBuildFile section */
		D0EB951717D5B480008AEBB7 /* Foundation.framework in Frameworks */ = {isa = PBXBuildFile; fileRef = D0EB951617D5B480008AEBB7 /* Foundation.framework */; };
		D0EB951917D5B480008AEBB7 /* CoreGraphics.framework in Frameworks */ = {isa = PBXBuildFile; fileRef = D0EB951817D5B480008AEBB7 /* CoreGraphics.framework */; };
		D0EB951B17D5B480008AEBB7 /* UIKit.framework in Frameworks */ = {isa = PBXBuildFile; fileRef = D0EB951A17D5B480008AEBB7 /* UIKit.framework */; };
		D0EB952117D5B480008AEBB7 /* InfoPlist.strings in Resources */ = {isa = PBXBuildFile; fileRef = D0EB951F17D5B480008AEBB7 /* InfoPlist.strings */; };
		D0EB952317D5B480008AEBB7 /* main.m in Sources */ = {isa = PBXBuildFile; fileRef = D0EB952217D5B480008AEBB7 /* main.m */; };
		D0EB952717D5B480008AEBB7 /* RSAppDelegate.m in Sources */ = {isa = PBXBuildFile; fileRef = D0EB952617D5B480008AEBB7 /* RSAppDelegate.m */; };
		D0EB952A17D5B480008AEBB7 /* Main.storyboard in Resources */ = {isa = PBXBuildFile; fileRef = D0EB952817D5B480008AEBB7 /* Main.storyboard */; };
		D0EB952F17D5B480008AEBB7 /* Images.xcassets in Resources */ = {isa = PBXBuildFile; fileRef = D0EB952E17D5B480008AEBB7 /* Images.xcassets */; };
		D0EB953617D5B480008AEBB7 /* XCTest.framework in Frameworks */ = {isa = PBXBuildFile; fileRef = D0EB953517D5B480008AEBB7 /* XCTest.framework */; };
		D0EB953717D5B480008AEBB7 /* Foundation.framework in Frameworks */ = {isa = PBXBuildFile; fileRef = D0EB951617D5B480008AEBB7 /* Foundation.framework */; };
		D0EB953817D5B480008AEBB7 /* UIKit.framework in Frameworks */ = {isa = PBXBuildFile; fileRef = D0EB951A17D5B480008AEBB7 /* UIKit.framework */; };
		D0EB954017D5B480008AEBB7 /* InfoPlist.strings in Resources */ = {isa = PBXBuildFile; fileRef = D0EB953E17D5B480008AEBB7 /* InfoPlist.strings */; };
		D0EB954217D5B480008AEBB7 /* RSTMALLCellSampleTests.m in Sources */ = {isa = PBXBuildFile; fileRef = D0EB954117D5B480008AEBB7 /* RSTMALLCellSampleTests.m */; };
		D0EB954E17D5B4BA008AEBB7 /* RSViewController.m in Sources */ = {isa = PBXBuildFile; fileRef = D0EB954D17D5B4BA008AEBB7 /* RSViewController.m */; };
		D0EB955117D5B541008AEBB7 /* RSTMALLCell.m in Sources */ = {isa = PBXBuildFile; fileRef = D0EB955017D5B541008AEBB7 /* RSTMALLCell.m */; };
		D0EB955417D5B598008AEBB7 /* RSTMALLImageView.m in Sources */ = {isa = PBXBuildFile; fileRef = D0EB955317D5B598008AEBB7 /* RSTMALLImageView.m */; };
		D0EB955717D5BA72008AEBB7 /* RSTMALLData.m in Sources */ = {isa = PBXBuildFile; fileRef = D0EB955617D5BA72008AEBB7 /* RSTMALLData.m */; };
		D0EB955A17D5E3A2008AEBB7 /* RSTMALLTableViewController.m in Sources */ = {isa = PBXBuildFile; fileRef = D0EB955917D5E3A2008AEBB7 /* RSTMALLTableViewController.m */; };
		D0EB955D17D71EE6008AEBB7 /* RSDetailViewController.m in Sources */ = {isa = PBXBuildFile; fileRef = D0EB955C17D71EE6008AEBB7 /* RSDetailViewController.m */; };
/* End PBXBuildFile section */

/* Begin PBXContainerItemProxy section */
		D0EB953917D5B480008AEBB7 /* PBXContainerItemProxy */ = {
			isa = PBXContainerItemProxy;
			containerPortal = D0EB950B17D5B480008AEBB7 /* Project object */;
			proxyType = 1;
			remoteGlobalIDString = D0EB951217D5B480008AEBB7;
			remoteInfo = RSTMALLCellSample;
		};
/* End PBXContainerItemProxy section */

/* Begin PBXFileReference section */
		D0EB951317D5B480008AEBB7 /* RSTMALLCellSample.app */ = {isa = PBXFileReference; explicitFileType = wrapper.application; includeInIndex = 0; path = RSTMALLCellSample.app; sourceTree = BUILT_PRODUCTS_DIR; };
		D0EB951617D5B480008AEBB7 /* Foundation.framework */ = {isa = PBXFileReference; lastKnownFileType = wrapper.framework; name = Foundation.framework; path = System/Library/Frameworks/Foundation.framework; sourceTree = SDKROOT; };
		D0EB951817D5B480008AEBB7 /* CoreGraphics.framework */ = {isa = PBXFileReference; lastKnownFileType = wrapper.framework; name = CoreGraphics.framework; path = System/Library/Frameworks/CoreGraphics.framework; sourceTree = SDKROOT; };
		D0EB951A17D5B480008AEBB7 /* UIKit.framework */ = {isa = PBXFileReference; lastKnownFileType = wrapper.framework; name = UIKit.framework; path = System/Library/Frameworks/UIKit.framework; sourceTree = SDKROOT; };
		D0EB951E17D5B480008AEBB7 /* RSTMALLCellSample-Info.plist */ = {isa = PBXFileReference; lastKnownFileType = text.plist.xml; path = "RSTMALLCellSample-Info.plist"; sourceTree = "<group>"; };
		D0EB952017D5B480008AEBB7 /* en */ = {isa = PBXFileReference; lastKnownFileType = text.plist.strings; name = en; path = en.lproj/InfoPlist.strings; sourceTree = "<group>"; };
		D0EB952217D5B480008AEBB7 /* main.m */ = {isa = PBXFileReference; lastKnownFileType = sourcecode.c.objc; path = main.m; sourceTree = "<group>"; };
		D0EB952417D5B480008AEBB7 /* RSTMALLCellSample-Prefix.pch */ = {isa = PBXFileReference; lastKnownFileType = sourcecode.c.h; path = "RSTMALLCellSample-Prefix.pch"; sourceTree = "<group>"; };
		D0EB952517D5B480008AEBB7 /* RSAppDelegate.h */ = {isa = PBXFileReference; lastKnownFileType = sourcecode.c.h; path = RSAppDelegate.h; sourceTree = "<group>"; };
		D0EB952617D5B480008AEBB7 /* RSAppDelegate.m */ = {isa = PBXFileReference; lastKnownFileType = sourcecode.c.objc; path = RSAppDelegate.m; sourceTree = "<group>"; };
		D0EB952917D5B480008AEBB7 /* Base */ = {isa = PBXFileReference; lastKnownFileType = file.storyboard; name = Base; path = Base.lproj/Main.storyboard; sourceTree = "<group>"; };
		D0EB952E17D5B480008AEBB7 /* Images.xcassets */ = {isa = PBXFileReference; lastKnownFileType = folder.assetcatalog; path = Images.xcassets; sourceTree = "<group>"; };
		D0EB953417D5B480008AEBB7 /* RSTMALLCellSampleTests.xctest */ = {isa = PBXFileReference; explicitFileType = wrapper.cfbundle; includeInIndex = 0; path = RSTMALLCellSampleTests.xctest; sourceTree = BUILT_PRODUCTS_DIR; };
		D0EB953517D5B480008AEBB7 /* XCTest.framework */ = {isa = PBXFileReference; lastKnownFileType = wrapper.framework; name = XCTest.framework; path = Library/Frameworks/XCTest.framework; sourceTree = DEVELOPER_DIR; };
		D0EB953D17D5B480008AEBB7 /* RSTMALLCellSampleTests-Info.plist */ = {isa = PBXFileReference; lastKnownFileType = text.plist.xml; path = "RSTMALLCellSampleTests-Info.plist"; sourceTree = "<group>"; };
		D0EB953F17D5B480008AEBB7 /* en */ = {isa = PBXFileReference; lastKnownFileType = text.plist.strings; name = en; path = en.lproj/InfoPlist.strings; sourceTree = "<group>"; };
		D0EB954117D5B480008AEBB7 /* RSTMALLCellSampleTests.m */ = {isa = PBXFileReference; lastKnownFileType = sourcecode.c.objc; path = RSTMALLCellSampleTests.m; sourceTree = "<group>"; };
		D0EB954C17D5B4BA008AEBB7 /* RSViewController.h */ = {isa = PBXFileReference; fileEncoding = 4; lastKnownFileType = sourcecode.c.h; path = RSViewController.h; sourceTree = "<group>"; };
		D0EB954D17D5B4BA008AEBB7 /* RSViewController.m */ = {isa = PBXFileReference; fileEncoding = 4; lastKnownFileType = sourcecode.c.objc; path = RSViewController.m; sourceTree = "<group>"; };
		D0EB954F17D5B541008AEBB7 /* RSTMALLCell.h */ = {isa = PBXFileReference; fileEncoding = 4; lastKnownFileType = sourcecode.c.h; path = RSTMALLCell.h; sourceTree = "<group>"; };
		D0EB955017D5B541008AEBB7 /* RSTMALLCell.m */ = {isa = PBXFileReference; fileEncoding = 4; lastKnownFileType = sourcecode.c.objc; path = RSTMALLCell.m; sourceTree = "<group>"; };
		D0EB955217D5B598008AEBB7 /* RSTMALLImageView.h */ = {isa = PBXFileReference; fileEncoding = 4; lastKnownFileType = sourcecode.c.h; path = RSTMALLImageView.h; sourceTree = "<group>"; };
		D0EB955317D5B598008AEBB7 /* RSTMALLImageView.m */ = {isa = PBXFileReference; fileEncoding = 4; lastKnownFileType = sourcecode.c.objc; path = RSTMALLImageView.m; sourceTree = "<group>"; };
		D0EB955517D5BA72008AEBB7 /* RSTMALLData.h */ = {isa = PBXFileReference; fileEncoding = 4; lastKnownFileType = sourcecode.c.h; path = RSTMALLData.h; sourceTree = "<group>"; };
		D0EB955617D5BA72008AEBB7 /* RSTMALLData.m */ = {isa = PBXFileReference; fileEncoding = 4; lastKnownFileType = sourcecode.c.objc; path = RSTMALLData.m; sourceTree = "<group>"; };
		D0EB955817D5E3A2008AEBB7 /* RSTMALLTableViewController.h */ = {isa = PBXFileReference; fileEncoding = 4; lastKnownFileType = sourcecode.c.h; path = RSTMALLTableViewController.h; sourceTree = "<group>"; };
		D0EB955917D5E3A2008AEBB7 /* RSTMALLTableViewController.m */ = {isa = PBXFileReference; fileEncoding = 4; lastKnownFileType = sourcecode.c.objc; path = RSTMALLTableViewController.m; sourceTree = "<group>"; };
		D0EB955B17D71EE6008AEBB7 /* RSDetailViewController.h */ = {isa = PBXFileReference; fileEncoding = 4; lastKnownFileType = sourcecode.c.h; path = RSDetailViewController.h; sourceTree = "<group>"; };
		D0EB955C17D71EE6008AEBB7 /* RSDetailViewController.m */ = {isa = PBXFileReference; fileEncoding = 4; lastKnownFileType = sourcecode.c.objc; path = RSDetailViewController.m; sourceTree = "<group>"; };
/* End PBXFileReference section */

/* Begin PBXFrameworksBuildPhase section */
		D0EB951017D5B480008AEBB7 /* Frameworks */ = {
			isa = PBXFrameworksBuildPhase;
			buildActionMask = 2147483647;
			files = (
				D0EB951917D5B480008AEBB7 /* CoreGraphics.framework in Frameworks */,
				D0EB951B17D5B480008AEBB7 /* UIKit.framework in Frameworks */,
				D0EB951717D5B480008AEBB7 /* Foundation.framework in Frameworks */,
			);
			runOnlyForDeploymentPostprocessing = 0;
		};
		D0EB953117D5B480008AEBB7 /* Frameworks */ = {
			isa = PBXFrameworksBuildPhase;
			buildActionMask = 2147483647;
			files = (
				D0EB953617D5B480008AEBB7 /* XCTest.framework in Frameworks */,
				D0EB953817D5B480008AEBB7 /* UIKit.framework in Frameworks */,
				D0EB953717D5B480008AEBB7 /* Foundation.framework in Frameworks */,
			);
			runOnlyForDeploymentPostprocessing = 0;
		};
/* End PBXFrameworksBuildPhase section */

/* Begin PBXGroup section */
		D0EB950A17D5B480008AEBB7 = {
			isa = PBXGroup;
			children = (
				D0EB951C17D5B480008AEBB7 /* RSTMALLCellSample */,
				D0EB953B17D5B480008AEBB7 /* RSTMALLCellSampleTests */,
				D0EB951517D5B480008AEBB7 /* Frameworks */,
				D0EB951417D5B480008AEBB7 /* Products */,
			);
			sourceTree = "<group>";
		};
		D0EB951417D5B480008AEBB7 /* Products */ = {
			isa = PBXGroup;
			children = (
				D0EB951317D5B480008AEBB7 /* RSTMALLCellSample.app */,
				D0EB953417D5B480008AEBB7 /* RSTMALLCellSampleTests.xctest */,
			);
			name = Products;
			sourceTree = "<group>";
		};
		D0EB951517D5B480008AEBB7 /* Frameworks */ = {
			isa = PBXGroup;
			children = (
				D0EB951617D5B480008AEBB7 /* Foundation.framework */,
				D0EB951817D5B480008AEBB7 /* CoreGraphics.framework */,
				D0EB951A17D5B480008AEBB7 /* UIKit.framework */,
				D0EB953517D5B480008AEBB7 /* XCTest.framework */,
			);
			name = Frameworks;
			sourceTree = "<group>";
		};
		D0EB951C17D5B480008AEBB7 /* RSTMALLCellSample */ = {
			isa = PBXGroup;
			children = (
				D0EB954B17D5B49D008AEBB7 /* RSTMALLCell */,
				D0EB952517D5B480008AEBB7 /* RSAppDelegate.h */,
				D0EB952617D5B480008AEBB7 /* RSAppDelegate.m */,
				D0EB952817D5B480008AEBB7 /* Main.storyboard */,
				D0EB955B17D71EE6008AEBB7 /* RSDetailViewController.h */,
				D0EB955C17D71EE6008AEBB7 /* RSDetailViewController.m */,
				D0EB952E17D5B480008AEBB7 /* Images.xcassets */,
				D0EB951D17D5B480008AEBB7 /* Supporting Files */,
				D0EB954C17D5B4BA008AEBB7 /* RSViewController.h */,
				D0EB954D17D5B4BA008AEBB7 /* RSViewController.m */,
			);
			path = RSTMALLCellSample;
			sourceTree = "<group>";
		};
		D0EB951D17D5B480008AEBB7 /* Supporting Files */ = {
			isa = PBXGroup;
			children = (
				D0EB951E17D5B480008AEBB7 /* RSTMALLCellSample-Info.plist */,
				D0EB951F17D5B480008AEBB7 /* InfoPlist.strings */,
				D0EB952217D5B480008AEBB7 /* main.m */,
				D0EB952417D5B480008AEBB7 /* RSTMALLCellSample-Prefix.pch */,
			);
			name = "Supporting Files";
			sourceTree = "<group>";
		};
		D0EB953B17D5B480008AEBB7 /* RSTMALLCellSampleTests */ = {
			isa = PBXGroup;
			children = (
				D0EB954117D5B480008AEBB7 /* RSTMALLCellSampleTests.m */,
				D0EB953C17D5B480008AEBB7 /* Supporting Files */,
			);
			path = RSTMALLCellSampleTests;
			sourceTree = "<group>";
		};
		D0EB953C17D5B480008AEBB7 /* Supporting Files */ = {
			isa = PBXGroup;
			children = (
				D0EB953D17D5B480008AEBB7 /* RSTMALLCellSampleTests-Info.plist */,
				D0EB953E17D5B480008AEBB7 /* InfoPlist.strings */,
			);
			name = "Supporting Files";
			sourceTree = "<group>";
		};
		D0EB954B17D5B49D008AEBB7 /* RSTMALLCell */ = {
			isa = PBXGroup;
			children = (
				D0EB955517D5BA72008AEBB7 /* RSTMALLData.h */,
				D0EB955617D5BA72008AEBB7 /* RSTMALLData.m */,
				D0EB954F17D5B541008AEBB7 /* RSTMALLCell.h */,
				D0EB955017D5B541008AEBB7 /* RSTMALLCell.m */,
				D0EB955217D5B598008AEBB7 /* RSTMALLImageView.h */,
				D0EB955317D5B598008AEBB7 /* RSTMALLImageView.m */,
				D0EB955817D5E3A2008AEBB7 /* RSTMALLTableViewController.h */,
				D0EB955917D5E3A2008AEBB7 /* RSTMALLTableViewController.m */,
			);
			name = RSTMALLCell;
			path = ../../RSTMALLCell;
			sourceTree = "<group>";
		};
/* End PBXGroup section */

/* Begin PBXNativeTarget section */
		D0EB951217D5B480008AEBB7 /* RSTMALLCellSample */ = {
			isa = PBXNativeTarget;
			buildConfigurationList = D0EB954517D5B480008AEBB7 /* Build configuration list for PBXNativeTarget "RSTMALLCellSample" */;
			buildPhases = (
				D0EB950F17D5B480008AEBB7 /* Sources */,
				D0EB951017D5B480008AEBB7 /* Frameworks */,
				D0EB951117D5B480008AEBB7 /* Resources */,
			);
			buildRules = (
			);
			dependencies = (
			);
			name = RSTMALLCellSample;
			productName = RSTMALLCellSample;
			productReference = D0EB951317D5B480008AEBB7 /* RSTMALLCellSample.app */;
			productType = "com.apple.product-type.application";
		};
		D0EB953317D5B480008AEBB7 /* RSTMALLCellSampleTests */ = {
			isa = PBXNativeTarget;
			buildConfigurationList = D0EB954817D5B480008AEBB7 /* Build configuration list for PBXNativeTarget "RSTMALLCellSampleTests" */;
			buildPhases = (
				D0EB953017D5B480008AEBB7 /* Sources */,
				D0EB953117D5B480008AEBB7 /* Frameworks */,
				D0EB953217D5B480008AEBB7 /* Resources */,
			);
			buildRules = (
			);
			dependencies = (
				D0EB953A17D5B480008AEBB7 /* PBXTargetDependency */,
			);
			name = RSTMALLCellSampleTests;
			productName = RSTMALLCellSampleTests;
			productReference = D0EB953417D5B480008AEBB7 /* RSTMALLCellSampleTests.xctest */;
			productType = "com.apple.product-type.bundle.unit-test";
		};
/* End PBXNativeTarget section */

/* Begin PBXProject section */
		D0EB950B17D5B480008AEBB7 /* Project object */ = {
			isa = PBXProject;
			attributes = {
				CLASSPREFIX = RS;
				LastUpgradeCheck = 0500;
				ORGANIZATIONNAME = P.D.Q.;
				TargetAttributes = {
					D0EB953317D5B480008AEBB7 = {
						TestTargetID = D0EB951217D5B480008AEBB7;
					};
				};
			};
			buildConfigurationList = D0EB950E17D5B480008AEBB7 /* Build configuration list for PBXProject "RSTMALLCellSample" */;
			compatibilityVersion = "Xcode 3.2";
			developmentRegion = English;
			hasScannedForEncodings = 0;
			knownRegions = (
				en,
				Base,
			);
			mainGroup = D0EB950A17D5B480008AEBB7;
			productRefGroup = D0EB951417D5B480008AEBB7 /* Products */;
			projectDirPath = "";
			projectRoot = "";
			targets = (
				D0EB951217D5B480008AEBB7 /* RSTMALLCellSample */,
				D0EB953317D5B480008AEBB7 /* RSTMALLCellSampleTests */,
			);
		};
/* End PBXProject section */

/* Begin PBXResourcesBuildPhase section */
		D0EB951117D5B480008AEBB7 /* Resources */ = {
			isa = PBXResourcesBuildPhase;
			buildActionMask = 2147483647;
			files = (
				D0EB952F17D5B480008AEBB7 /* Images.xcassets in Resources */,
				D0EB952117D5B480008AEBB7 /* InfoPlist.strings in Resources */,
				D0EB952A17D5B480008AEBB7 /* Main.storyboard in Resources */,
			);
			runOnlyForDeploymentPostprocessing = 0;
		};
		D0EB953217D5B480008AEBB7 /* Resources */ = {
			isa = PBXResourcesBuildPhase;
			buildActionMask = 2147483647;
			files = (
				D0EB954017D5B480008AEBB7 /* InfoPlist.strings in Resources */,
			);
			runOnlyForDeploymentPostprocessing = 0;
		};
/* End PBXResourcesBuildPhase section */

/* Begin PBXSourcesBuildPhase section */
		D0EB950F17D5B480008AEBB7 /* Sources */ = {
			isa = PBXSourcesBuildPhase;
			buildActionMask = 2147483647;
			files = (
				D0EB952317D5B480008AEBB7 /* main.m in Sources */,
				D0EB952717D5B480008AEBB7 /* RSAppDelegate.m in Sources */,
				D0EB955D17D71EE6008AEBB7 /* RSDetailViewController.m in Sources */,
				D0EB954E17D5B4BA008AEBB7 /* RSViewController.m in Sources */,
				D0EB955717D5BA72008AEBB7 /* RSTMALLData.m in Sources */,
				D0EB955A17D5E3A2008AEBB7 /* RSTMALLTableViewController.m in Sources */,
				D0EB955417D5B598008AEBB7 /* RSTMALLImageView.m in Sources */,
				D0EB955117D5B541008AEBB7 /* RSTMALLCell.m in Sources */,
			);
			runOnlyForDeploymentPostprocessing = 0;
		};
		D0EB953017D5B480008AEBB7 /* Sources */ = {
			isa = PBXSourcesBuildPhase;
			buildActionMask = 2147483647;
			files = (
				D0EB954217D5B480008AEBB7 /* RSTMALLCellSampleTests.m in Sources */,
			);
			runOnlyForDeploymentPostprocessing = 0;
		};
/* End PBXSourcesBuildPhase section */

/* Begin PBXTargetDependency section */
		D0EB953A17D5B480008AEBB7 /* PBXTargetDependency */ = {
			isa = PBXTargetDependency;
			target = D0EB951217D5B480008AEBB7 /* RSTMALLCellSample */;
			targetProxy = D0EB953917D5B480008AEBB7 /* PBXContainerItemProxy */;
		};
/* End PBXTargetDependency section */

/* Begin PBXVariantGroup section */
		D0EB951F17D5B480008AEBB7 /* InfoPlist.strings */ = {
			isa = PBXVariantGroup;
			children = (
				D0EB952017D5B480008AEBB7 /* en */,
			);
			name = InfoPlist.strings;
			sourceTree = "<group>";
		};
		D0EB952817D5B480008AEBB7 /* Main.storyboard */ = {
			isa = PBXVariantGroup;
			children = (
				D0EB952917D5B480008AEBB7 /* Base */,
			);
			name = Main.storyboard;
			sourceTree = "<group>";
		};
		D0EB953E17D5B480008AEBB7 /* InfoPlist.strings */ = {
			isa = PBXVariantGroup;
			children = (
				D0EB953F17D5B480008AEBB7 /* en */,
			);
			name = InfoPlist.strings;
			sourceTree = "<group>";
		};
/* End PBXVariantGroup section */

/* Begin XCBuildConfiguration section */
		D0EB954317D5B480008AEBB7 /* Debug */ = {
			isa = XCBuildConfiguration;
			buildSettings = {
				ALWAYS_SEARCH_USER_PATHS = NO;
				CLANG_CXX_LANGUAGE_STANDARD = "gnu++0x";
				CLANG_CXX_LIBRARY = "libc++";
				CLANG_ENABLE_MODULES = YES;
				CLANG_ENABLE_OBJC_ARC = YES;
				CLANG_WARN_BOOL_CONVERSION = YES;
				CLANG_WARN_CONSTANT_CONVERSION = YES;
				CLANG_WARN_DIRECT_OBJC_ISA_USAGE = YES_ERROR;
				CLANG_WARN_EMPTY_BODY = YES;
				CLANG_WARN_ENUM_CONVERSION = YES;
				CLANG_WARN_INT_CONVERSION = YES;
				CLANG_WARN_OBJC_ROOT_CLASS = YES_ERROR;
				CLANG_WARN__DUPLICATE_METHOD_MATCH = YES;
				"CODE_SIGN_IDENTITY[sdk=iphoneos*]" = "iPhone Developer";
				COPY_PHASE_STRIP = NO;
				GCC_C_LANGUAGE_STANDARD = gnu99;
				GCC_DYNAMIC_NO_PIC = NO;
				GCC_OPTIMIZATION_LEVEL = 0;
				GCC_PREPROCESSOR_DEFINITIONS = (
					"DEBUG=1",
					"$(inherited)",
				);
				GCC_SYMBOLS_PRIVATE_EXTERN = NO;
				GCC_WARN_ABOUT_RETURN_TYPE = YES_ERROR;
				GCC_WARN_UNDECLARED_SELECTOR = YES;
				GCC_WARN_UNINITIALIZED_AUTOS = YES;
				GCC_WARN_UNUSED_FUNCTION = YES;
				GCC_WARN_UNUSED_VARIABLE = YES;
				IPHONEOS_DEPLOYMENT_TARGET = 7.0;
				ONLY_ACTIVE_ARCH = YES;
				SDKROOT = iphoneos;
			};
			name = Debug;
		};
		D0EB954417D5B480008AEBB7 /* Release */ = {
			isa = XCBuildConfiguration;
			buildSettings = {
				ALWAYS_SEARCH_USER_PATHS = NO;
				CLANG_CXX_LANGUAGE_STANDARD = "gnu++0x";
				CLANG_CXX_LIBRARY = "libc++";
				CLANG_ENABLE_MODULES = YES;
				CLANG_ENABLE_OBJC_ARC = YES;
				CLANG_WARN_BOOL_CONVERSION = YES;
				CLANG_WARN_CONSTANT_CONVERSION = YES;
				CLANG_WARN_DIRECT_OBJC_ISA_USAGE = YES_ERROR;
				CLANG_WARN_EMPTY_BODY = YES;
				CLANG_WARN_ENUM_CONVERSION = YES;
				CLANG_WARN_INT_CONVERSION = YES;
				CLANG_WARN_OBJC_ROOT_CLASS = YES_ERROR;
				CLANG_WARN__DUPLICATE_METHOD_MATCH = YES;
				"CODE_SIGN_IDENTITY[sdk=iphoneos*]" = "iPhone Developer";
				COPY_PHASE_STRIP = YES;
				ENABLE_NS_ASSERTIONS = NO;
				GCC_C_LANGUAGE_STANDARD = gnu99;
				GCC_WARN_ABOUT_RETURN_TYPE = YES_ERROR;
				GCC_WARN_UNDECLARED_SELECTOR = YES;
				GCC_WARN_UNINITIALIZED_AUTOS = YES;
				GCC_WARN_UNUSED_FUNCTION = YES;
				GCC_WARN_UNUSED_VARIABLE = YES;
				IPHONEOS_DEPLOYMENT_TARGET = 7.0;
				SDKROOT = iphoneos;
				VALIDATE_PRODUCT = YES;
			};
			name = Release;
		};
		D0EB954617D5B480008AEBB7 /* Debug */ = {
			isa = XCBuildConfiguration;
			buildSettings = {
				ASSETCATALOG_COMPILER_APPICON_NAME = AppIcon;
				ASSETCATALOG_COMPILER_LAUNCHIMAGE_NAME = LaunchImage;
				GCC_PRECOMPILE_PREFIX_HEADER = YES;
				GCC_PREFIX_HEADER = "RSTMALLCellSample/RSTMALLCellSample-Prefix.pch";
				INFOPLIST_FILE = "RSTMALLCellSample/RSTMALLCellSample-Info.plist";
				PRODUCT_NAME = "$(TARGET_NAME)";
				WRAPPER_EXTENSION = app;
			};
			name = Debug;
		};
		D0EB954717D5B480008AEBB7 /* Release */ = {
			isa = XCBuildConfiguration;
			buildSettings = {
				ASSETCATALOG_COMPILER_APPICON_NAME = AppIcon;
				ASSETCATALOG_COMPILER_LAUNCHIMAGE_NAME = LaunchImage;
				GCC_PRECOMPILE_PREFIX_HEADER = YES;
				GCC_PREFIX_HEADER = "RSTMALLCellSample/RSTMALLCellSample-Prefix.pch";
				INFOPLIST_FILE = "RSTMALLCellSample/RSTMALLCellSample-Info.plist";
				PRODUCT_NAME = "$(TARGET_NAME)";
				WRAPPER_EXTENSION = app;
			};
			name = Release;
		};
		D0EB954917D5B480008AEBB7 /* Debug */ = {
			isa = XCBuildConfiguration;
			buildSettings = {
				BUNDLE_LOADER = "$(BUILT_PRODUCTS_DIR)/RSTMALLCellSample.app/RSTMALLCellSample";
				FRAMEWORK_SEARCH_PATHS = (
					"$(SDKROOT)/Developer/Library/Frameworks",
					"$(inherited)",
					"$(DEVELOPER_FRAMEWORKS_DIR)",
				);
				GCC_PRECOMPILE_PREFIX_HEADER = YES;
				GCC_PREFIX_HEADER = "RSTMALLCellSample/RSTMALLCellSample-Prefix.pch";
				GCC_PREPROCESSOR_DEFINITIONS = (
					"DEBUG=1",
					"$(inherited)",
				);
				INFOPLIST_FILE = "RSTMALLCellSampleTests/RSTMALLCellSampleTests-Info.plist";
				PRODUCT_NAME = "$(TARGET_NAME)";
				TEST_HOST = "$(BUNDLE_LOADER)";
				WRAPPER_EXTENSION = xctest;
			};
			name = Debug;
		};
		D0EB954A17D5B480008AEBB7 /* Release */ = {
			isa = XCBuildConfiguration;
			buildSettings = {
				BUNDLE_LOADER = "$(BUILT_PRODUCTS_DIR)/RSTMALLCellSample.app/RSTMALLCellSample";
				FRAMEWORK_SEARCH_PATHS = (
					"$(SDKROOT)/Developer/Library/Frameworks",
					"$(inherited)",
					"$(DEVELOPER_FRAMEWORKS_DIR)",
				);
				GCC_PRECOMPILE_PREFIX_HEADER = YES;
				GCC_PREFIX_HEADER = "RSTMALLCellSample/RSTMALLCellSample-Prefix.pch";
				INFOPLIST_FILE = "RSTMALLCellSampleTests/RSTMALLCellSampleTests-Info.plist";
				PRODUCT_NAME = "$(TARGET_NAME)";
				TEST_HOST = "$(BUNDLE_LOADER)";
				WRAPPER_EXTENSION = xctest;
			};
			name = Release;
		};
/* End XCBuildConfiguration section */

/* Begin XCConfigurationList section */
		D0EB950E17D5B480008AEBB7 /* Build configuration list for PBXProject "RSTMALLCellSample" */ = {
			isa = XCConfigurationList;
			buildConfigurations = (
				D0EB954317D5B480008AEBB7 /* Debug */,
				D0EB954417D5B480008AEBB7 /* Release */,
			);
			defaultConfigurationIsVisible = 0;
			defaultConfigurationName = Release;
		};
		D0EB954517D5B480008AEBB7 /* Build configuration list for PBXNativeTarget "RSTMALLCellSample" */ = {
			isa = XCConfigurationList;
			buildConfigurations = (
				D0EB954617D5B480008AEBB7 /* Debug */,
				D0EB954717D5B480008AEBB7 /* Release */,
			);
			defaultConfigurationIsVisible = 0;
			defaultConfigurationName = Release;
		};
		D0EB954817D5B480008AEBB7 /* Build configuration list for PBXNativeTarget "RSTMALLCellSampleTests" */ = {
			isa = XCConfigurationList;
			buildConfigurations = (
				D0EB954917D5B480008AEBB7 /* Debug */,
				D0EB954A17D5B480008AEBB7 /* Release */,
			);
			defaultConfigurationIsVisible = 0;
			defaultConfigurationName = Release;
		};
/* End XCConfigurationList section */
	};
	rootObject = D0EB950B17D5B480008AEBB7 /* Project object */;
}
